
Microsoft Visual Studio Solution File, Format Version 12.00
# Visual Studio Version 17
VisualStudioVersion = 17.8.34309.116
MinimumVisualStudioVersion = 10.0.40219.1
Project("{2150E333-8FDC-42A3-9474-1A3956D46DE8}") = "src", "src", "{BA718D18-F9A3-471C-99E2-759702133B2C}"
EndProject
Project("{FAE04EC0-301F-11D3-BF4B-00C04F79EFBC}") = "Consoleg.ConsoleGame", "Consoleg.ConsoleGame\Consoleg.ConsoleGame.csproj", "{1C241FF3-7659-4E58-A0D9-186B8BB88061}"
EndProject
Global
	GlobalSection(SolutionConfigurationPlatforms) = preSolution
		Debug|Any CPU = Debug|Any CPU
		Release|Any CPU = Release|Any CPU
	EndGlobalSection
	GlobalSection(ProjectConfigurationPlatforms) = postSolution
		{1C241FF3-7659-4E58-A0D9-186B8BB88061}.Debug|Any CPU.ActiveCfg = Debug|Any CPU
		{1C241FF3-7659-4E58-A0D9-186B8BB88061}.Debug|Any CPU.Build.0 = Debug|Any CPU
		{1C241FF3-7659-4E58-A0D9-186B8BB88061}.Release|Any CPU.ActiveCfg = Release|Any CPU
		{1C241FF3-7659-4E58-A0D9-186B8BB88061}.Release|Any CPU.Build.0 = Release|Any CPU
	EndGlobalSection
	GlobalSection(SolutionProperties) = preSolution
		HideSolutionNode = FALSE
	EndGlobalSection
	GlobalSection(NestedProjects) = preSolution
		{1C241FF3-7659-4E58-A0D9-186B8BB88061} = {BA718D18-F9A3-471C-99E2-759702133B2C}
	EndGlobalSection
	GlobalSection(ExtensibilityGlobals) = postSolution
		SolutionGuid = {F6272B9A-7789-4A92-BA04-7567344488B2}
	EndGlobalSection
EndGlobal
